// !$*UTF8*$!
{
	archiveVersion = 1;
	classes = {
	};
	objectVersion = 50;
	objects = {

/* Begin PBXBuildFile section */
		111C2C7323784DA8009C29DB /* AppDelegate.swift in Sources */ = {isa = PBXBuildFile; fileRef = 111C2C7223784DA8009C29DB /* AppDelegate.swift */; };
		111C2C7523784DA8009C29DB /* SceneDelegate.swift in Sources */ = {isa = PBXBuildFile; fileRef = 111C2C7423784DA8009C29DB /* SceneDelegate.swift */; };
		111C2C7723784DA8009C29DB /* ViewController.swift in Sources */ = {isa = PBXBuildFile; fileRef = 111C2C7623784DA8009C29DB /* ViewController.swift */; };
		111C2C7A23784DA8009C29DB /* Main.storyboard in Resources */ = {isa = PBXBuildFile; fileRef = 111C2C7823784DA8009C29DB /* Main.storyboard */; };
		111C2C7C23784DA8009C29DB /* Assets.xcassets in Resources */ = {isa = PBXBuildFile; fileRef = 111C2C7B23784DA8009C29DB /* Assets.xcassets */; };
		111C2C7F23784DA8009C29DB /* LaunchScreen.storyboard in Resources */ = {isa = PBXBuildFile; fileRef = 111C2C7D23784DA8009C29DB /* LaunchScreen.storyboard */; };
		111C2C8A23784DA8009C29DB /* CardsTests.swift in Sources */ = {isa = PBXBuildFile; fileRef = 111C2C8923784DA8009C29DB /* CardsTests.swift */; };
		111C2C9523784EE1009C29DB /* CardView.swift in Sources */ = {isa = PBXBuildFile; fileRef = 111C2C9423784EE1009C29DB /* CardView.swift */; };
/* End PBXBuildFile section */

/* Begin PBXContainerItemProxy section */
		111C2C8623784DA8009C29DB /* PBXContainerItemProxy */ = {
			isa = PBXContainerItemProxy;
			containerPortal = 111C2C6723784DA7009C29DB /* Project object */;
			proxyType = 1;
			remoteGlobalIDString = 111C2C6E23784DA7009C29DB;
			remoteInfo = Cards;
		};
/* End PBXContainerItemProxy section */

/* Begin PBXFileReference section */
		111C2C6F23784DA7009C29DB /* Cards.app */ = {isa = PBXFileReference; explicitFileType = wrapper.application; includeInIndex = 0; path = Cards.app; sourceTree = BUILT_PRODUCTS_DIR; };
		111C2C7223784DA8009C29DB /* AppDelegate.swift */ = {isa = PBXFileReference; lastKnownFileType = sourcecode.swift; path = AppDelegate.swift; sourceTree = "<group>"; };
		111C2C7423784DA8009C29DB /* SceneDelegate.swift */ = {isa = PBXFileReference; lastKnownFileType = sourcecode.swift; path = SceneDelegate.swift; sourceTree = "<group>"; };
		111C2C7623784DA8009C29DB /* ViewController.swift */ = {isa = PBXFileReference; lastKnownFileType = sourcecode.swift; path = ViewController.swift; sourceTree = "<group>"; };
		111C2C7923784DA8009C29DB /* Base */ = {isa = PBXFileReference; lastKnownFileType = file.storyboard; name = Base; path = Base.lproj/Main.storyboard; sourceTree = "<group>"; };
		111C2C7B23784DA8009C29DB /* Assets.xcassets */ = {isa = PBXFileReference; lastKnownFileType = folder.assetcatalog; path = Assets.xcassets; sourceTree = "<group>"; };
		111C2C7E23784DA8009C29DB /* Base */ = {isa = PBXFileReference; lastKnownFileType = file.storyboard; name = Base; path = Base.lproj/LaunchScreen.storyboard; sourceTree = "<group>"; };
		111C2C8023784DA8009C29DB /* Info.plist */ = {isa = PBXFileReference; lastKnownFileType = text.plist.xml; path = Info.plist; sourceTree = "<group>"; };
		111C2C8523784DA8009C29DB /* CardsTests.xctest */ = {isa = PBXFileReference; explicitFileType = wrapper.cfbundle; includeInIndex = 0; path = CardsTests.xctest; sourceTree = BUILT_PRODUCTS_DIR; };
		111C2C8923784DA8009C29DB /* CardsTests.swift */ = {isa = PBXFileReference; lastKnownFileType = sourcecode.swift; path = CardsTests.swift; sourceTree = "<group>"; };
		111C2C8B23784DA8009C29DB /* Info.plist */ = {isa = PBXFileReference; lastKnownFileType = text.plist.xml; path = Info.plist; sourceTree = "<group>"; };
		111C2C9423784EE1009C29DB /* CardView.swift */ = {isa = PBXFileReference; lastKnownFileType = sourcecode.swift; path = CardView.swift; sourceTree = "<group>"; };
/* End PBXFileReference section */

/* Begin PBXFrameworksBuildPhase section */
		111C2C6C23784DA7009C29DB /* Frameworks */ = {
			isa = PBXFrameworksBuildPhase;
			buildActionMask = 2147483647;
			files = (
			);
			runOnlyForDeploymentPostprocessing = 0;
		};
		111C2C8223784DA8009C29DB /* Frameworks */ = {
			isa = PBXFrameworksBuildPhase;
			buildActionMask = 2147483647;
			files = (
			);
			runOnlyForDeploymentPostprocessing = 0;
		};
/* End PBXFrameworksBuildPhase section */

/* Begin PBXGroup section */
		111C2C6623784DA7009C29DB = {
			isa = PBXGroup;
			children = (
				111C2C7123784DA7009C29DB /* Cards */,
				111C2C8823784DA8009C29DB /* CardsTests */,
				111C2C7023784DA7009C29DB /* Products */,
			);
			sourceTree = "<group>";
		};
		111C2C7023784DA7009C29DB /* Products */ = {
			isa = PBXGroup;
			children = (
				111C2C6F23784DA7009C29DB /* Cards.app */,
				111C2C8523784DA8009C29DB /* CardsTests.xctest */,
			);
			name = Products;
			sourceTree = "<group>";
		};
		111C2C7123784DA7009C29DB /* Cards */ = {
			isa = PBXGroup;
			children = (
				111C2C7223784DA8009C29DB /* AppDelegate.swift */,
				111C2C7423784DA8009C29DB /* SceneDelegate.swift */,
				111C2C7623784DA8009C29DB /* ViewController.swift */,
				111C2C7823784DA8009C29DB /* Main.storyboard */,
				111C2C7B23784DA8009C29DB /* Assets.xcassets */,
				111C2C7D23784DA8009C29DB /* LaunchScreen.storyboard */,
				111C2C8023784DA8009C29DB /* Info.plist */,
				111C2C9423784EE1009C29DB /* CardView.swift */,
			);
			path = Cards;
			sourceTree = "<group>";
		};
		111C2C8823784DA8009C29DB /* CardsTests */ = {
			isa = PBXGroup;
			children = (
				111C2C8923784DA8009C29DB /* CardsTests.swift */,
				111C2C8B23784DA8009C29DB /* Info.plist */,
			);
			path = CardsTests;
			sourceTree = "<group>";
		};
/* End PBXGroup section */

/* Begin PBXNativeTarget section */
		111C2C6E23784DA7009C29DB /* Cards */ = {
			isa = PBXNativeTarget;
			buildConfigurationList = 111C2C8E23784DA8009C29DB /* Build configuration list for PBXNativeTarget "Cards" */;
			buildPhases = (
				111C2C6B23784DA7009C29DB /* Sources */,
				111C2C6C23784DA7009C29DB /* Frameworks */,
				111C2C6D23784DA7009C29DB /* Resources */,
			);
			buildRules = (
			);
			dependencies = (
			);
			name = Cards;
			productName = Cards;
			productReference = 111C2C6F23784DA7009C29DB /* Cards.app */;
			productType = "com.apple.product-type.application";
		};
		111C2C8423784DA8009C29DB /* CardsTests */ = {
			isa = PBXNativeTarget;
			buildConfigurationList = 111C2C9123784DA8009C29DB /* Build configuration list for PBXNativeTarget "CardsTests" */;
			buildPhases = (
				111C2C8123784DA8009C29DB /* Sources */,
				111C2C8223784DA8009C29DB /* Frameworks */,
				111C2C8323784DA8009C29DB /* Resources */,
			);
			buildRules = (
			);
			dependencies = (
				111C2C8723784DA8009C29DB /* PBXTargetDependency */,
			);
			name = CardsTests;
			productName = CardsTests;
			productReference = 111C2C8523784DA8009C29DB /* CardsTests.xctest */;
			productType = "com.apple.product-type.bundle.unit-test";
		};
/* End PBXNativeTarget section */

/* Begin PBXProject section */
		111C2C6723784DA7009C29DB /* Project object */ = {
			isa = PBXProject;
			attributes = {
				LastSwiftUpdateCheck = 1100;
				LastUpgradeCheck = 1100;
				ORGANIZATIONNAME = nikita;
				TargetAttributes = {
					111C2C6E23784DA7009C29DB = {
						CreatedOnToolsVersion = 11.0;
					};
					111C2C8423784DA8009C29DB = {
						CreatedOnToolsVersion = 11.0;
						TestTargetID = 111C2C6E23784DA7009C29DB;
					};
				};
			};
			buildConfigurationList = 111C2C6A23784DA7009C29DB /* Build configuration list for PBXProject "Cards" */;
			compatibilityVersion = "Xcode 9.3";
			developmentRegion = en;
			hasScannedForEncodings = 0;
			knownRegions = (
				en,
				Base,
			);
			mainGroup = 111C2C6623784DA7009C29DB;
			productRefGroup = 111C2C7023784DA7009C29DB /* Products */;
			projectDirPath = "";
			projectRoot = "";
			targets = (
				111C2C6E23784DA7009C29DB /* Cards */,
				111C2C8423784DA8009C29DB /* CardsTests */,
			);
		};
/* End PBXProject section */

/* Begin PBXResourcesBuildPhase section */
		111C2C6D23784DA7009C29DB /* Resources */ = {
			isa = PBXResourcesBuildPhase;
			buildActionMask = 2147483647;
			files = (
				111C2C7F23784DA8009C29DB /* LaunchScreen.storyboard in Resources */,
				111C2C7C23784DA8009C29DB /* Assets.xcassets in Resources */,
				111C2C7A23784DA8009C29DB /* Main.storyboard in Resources */,
			);
			runOnlyForDeploymentPostprocessing = 0;
		};
		111C2C8323784DA8009C29DB /* Resources */ = {
			isa = PBXResourcesBuildPhase;
			buildActionMask = 2147483647;
			files = (
			);
			runOnlyForDeploymentPostprocessing = 0;
		};
/* End PBXResourcesBuildPhase section */

/* Begin PBXSourcesBuildPhase section */
		111C2C6B23784DA7009C29DB /* Sources */ = {
			isa = PBXSourcesBuildPhase;
			buildActionMask = 2147483647;
			files = (
				111C2C7723784DA8009C29DB /* ViewController.swift in Sources */,
				111C2C7323784DA8009C29DB /* AppDelegate.swift in Sources */,
				111C2C9523784EE1009C29DB /* CardView.swift in Sources */,
				111C2C7523784DA8009C29DB /* SceneDelegate.swift in Sources */,
			);
			runOnlyForDeploymentPostprocessing = 0;
		};
		111C2C8123784DA8009C29DB /* Sources */ = {
			isa = PBXSourcesBuildPhase;
			buildActionMask = 2147483647;
			files = (
				111C2C8A23784DA8009C29DB /* CardsTests.swift in Sources */,
			);
			runOnlyForDeploymentPostprocessing = 0;
		};
/* End PBXSourcesBuildPhase section */

/* Begin PBXTargetDependency section */
		111C2C8723784DA8009C29DB /* PBXTargetDependency */ = {
			isa = PBXTargetDependency;
			target = 111C2C6E23784DA7009C29DB /* Cards */;
			targetProxy = 111C2C8623784DA8009C29DB /* PBXContainerItemProxy */;
		};
/* End PBXTargetDependency section */

/* Begin PBXVariantGroup section */
		111C2C7823784DA8009C29DB /* Main.storyboard */ = {
			isa = PBXVariantGroup;
			children = (
				111C2C7923784DA8009C29DB /* Base */,
			);
			name = Main.storyboard;
			sourceTree = "<group>";
		};
		111C2C7D23784DA8009C29DB /* LaunchScreen.storyboard */ = {
			isa = PBXVariantGroup;
			children = (
				111C2C7E23784DA8009C29DB /* Base */,
			);
			name = LaunchScreen.storyboard;
			sourceTree = "<group>";
		};
/* End PBXVariantGroup section */

/* Begin XCBuildConfiguration section */
		111C2C8C23784DA8009C29DB /* Debug */ = {
			isa = XCBuildConfiguration;
			buildSettings = {
				ALWAYS_SEARCH_USER_PATHS = NO;
				CLANG_ANALYZER_NONNULL = YES;
				CLANG_ANALYZER_NUMBER_OBJECT_CONVERSION = YES_AGGRESSIVE;
				CLANG_CXX_LANGUAGE_STANDARD = "gnu++14";
				CLANG_CXX_LIBRARY = "libc++";
				CLANG_ENABLE_MODULES = YES;
				CLANG_ENABLE_OBJC_ARC = YES;
				CLANG_ENABLE_OBJC_WEAK = YES;
				CLANG_WARN_BLOCK_CAPTURE_AUTORELEASING = YES;
				CLANG_WARN_BOOL_CONVERSION = YES;
				CLANG_WARN_COMMA = YES;
				CLANG_WARN_CONSTANT_CONVERSION = YES;
				CLANG_WARN_DEPRECATED_OBJC_IMPLEMENTATIONS = YES;
				CLANG_WARN_DIRECT_OBJC_ISA_USAGE = YES_ERROR;
				CLANG_WARN_DOCUMENTATION_COMMENTS = YES;
				CLANG_WARN_EMPTY_BODY = YES;
				CLANG_WARN_ENUM_CONVERSION = YES;
				CLANG_WARN_INFINITE_RECURSION = YES;
				CLANG_WARN_INT_CONVERSION = YES;
				CLANG_WARN_NON_LITERAL_NULL_CONVERSION = YES;
				CLANG_WARN_OBJC_IMPLICIT_RETAIN_SELF = YES;
				CLANG_WARN_OBJC_LITERAL_CONVERSION = YES;
				CLANG_WARN_OBJC_ROOT_CLASS = YES_ERROR;
				CLANG_WARN_RANGE_LOOP_ANALYSIS = YES;
				CLANG_WARN_STRICT_PROTOTYPES = YES;
				CLANG_WARN_SUSPICIOUS_MOVE = YES;
				CLANG_WARN_UNGUARDED_AVAILABILITY = YES_AGGRESSIVE;
				CLANG_WARN_UNREACHABLE_CODE = YES;
				CLANG_WARN__DUPLICATE_METHOD_MATCH = YES;
				COPY_PHASE_STRIP = NO;
				DEBUG_INFORMATION_FORMAT = dwarf;
				ENABLE_STRICT_OBJC_MSGSEND = YES;
				ENABLE_TESTABILITY = YES;
				GCC_C_LANGUAGE_STANDARD = gnu11;
				GCC_DYNAMIC_NO_PIC = NO;
				GCC_NO_COMMON_BLOCKS = YES;
				GCC_OPTIMIZATION_LEVEL = 0;
				GCC_PREPROCESSOR_DEFINITIONS = (
					"DEBUG=1",
					"$(inherited)",
				);
				GCC_WARN_64_TO_32_BIT_CONVERSION = YES;
				GCC_WARN_ABOUT_RETURN_TYPE = YES_ERROR;
				GCC_WARN_UNDECLARED_SELECTOR = YES;
				GCC_WARN_UNINITIALIZED_AUTOS = YES_AGGRESSIVE;
				GCC_WARN_UNUSED_FUNCTION = YES;
				GCC_WARN_UNUSED_VARIABLE = YES;
				IPHONEOS_DEPLOYMENT_TARGET = 13.0;
				MTL_ENABLE_DEBUG_INFO = INCLUDE_SOURCE;
				MTL_FAST_MATH = YES;
				ONLY_ACTIVE_ARCH = YES;
				SDKROOT = iphoneos;
				SWIFT_ACTIVE_COMPILATION_CONDITIONS = DEBUG;
				SWIFT_OPTIMIZATION_LEVEL = "-Onone";
			};
			name = Debug;
		};
		111C2C8D23784DA8009C29DB /* Release */ = {
			isa = XCBuildConfiguration;
			buildSettings = {
				ALWAYS_SEARCH_USER_PATHS = NO;
				CLANG_ANALYZER_NONNULL = YES;
				CLANG_ANALYZER_NUMBER_OBJECT_CONVERSION = YES_AGGRESSIVE;
				CLANG_CXX_LANGUAGE_STANDARD = "gnu++14";
				CLANG_CXX_LIBRARY = "libc++";
				CLANG_ENABLE_MODULES = YES;
				CLANG_ENABLE_OBJC_ARC = YES;
				CLANG_ENABLE_OBJC_WEAK = YES;
				CLANG_WARN_BLOCK_CAPTURE_AUTORELEASING = YES;
				CLANG_WARN_BOOL_CONVERSION = YES;
				CLANG_WARN_COMMA = YES;
				CLANG_WARN_CONSTANT_CONVERSION = YES;
				CLANG_WARN_DEPRECATED_OBJC_IMPLEMENTATIONS = YES;
				CLANG_WARN_DIRECT_OBJC_ISA_USAGE = YES_ERROR;
				CLANG_WARN_DOCUMENTATION_COMMENTS = YES;
				CLANG_WARN_EMPTY_BODY = YES;
				CLANG_WARN_ENUM_CONVERSION = YES;
				CLANG_WARN_INFINITE_RECURSION = YES;
				CLANG_WARN_INT_CONVERSION = YES;
				CLANG_WARN_NON_LITERAL_NULL_CONVERSION = YES;
				CLANG_WARN_OBJC_IMPLICIT_RETAIN_SELF = YES;
				CLANG_WARN_OBJC_LITERAL_CONVERSION = YES;
				CLANG_WARN_OBJC_ROOT_CLASS = YES_ERROR;
				CLANG_WARN_RANGE_LOOP_ANALYSIS = YES;
				CLANG_WARN_STRICT_PROTOTYPES = YES;
				CLANG_WARN_SUSPICIOUS_MOVE = YES;
				CLANG_WARN_UNGUARDED_AVAILABILITY = YES_AGGRESSIVE;
				CLANG_WARN_UNREACHABLE_CODE = YES;
				CLANG_WARN__DUPLICATE_METHOD_MATCH = YES;
				COPY_PHASE_STRIP = NO;
				DEBUG_INFORMATION_FORMAT = "dwarf-with-dsym";
				ENABLE_NS_ASSERTIONS = NO;
				ENABLE_STRICT_OBJC_MSGSEND = YES;
				GCC_C_LANGUAGE_STANDARD = gnu11;
				GCC_NO_COMMON_BLOCKS = YES;
				GCC_WARN_64_TO_32_BIT_CONVERSION = YES;
				GCC_WARN_ABOUT_RETURN_TYPE = YES_ERROR;
				GCC_WARN_UNDECLARED_SELECTOR = YES;
				GCC_WARN_UNINITIALIZED_AUTOS = YES_AGGRESSIVE;
				GCC_WARN_UNUSED_FUNCTION = YES;
				GCC_WARN_UNUSED_VARIABLE = YES;
				IPHONEOS_DEPLOYMENT_TARGET = 13.0;
				MTL_ENABLE_DEBUG_INFO = NO;
				MTL_FAST_MATH = YES;
				SDKROOT = iphoneos;
				SWIFT_COMPILATION_MODE = wholemodule;
				SWIFT_OPTIMIZATION_LEVEL = "-O";
				VALIDATE_PRODUCT = YES;
			};
			name = Release;
		};
		111C2C8F23784DA8009C29DB /* Debug */ = {
			isa = XCBuildConfiguration;
			buildSettings = {
				ASSETCATALOG_COMPILER_APPICON_NAME = AppIcon;
				CODE_SIGN_STYLE = Automatic;
				INFOPLIST_FILE = Cards/Info.plist;
				LD_RUNPATH_SEARCH_PATHS = (
					"$(inherited)",
					"@executable_path/Frameworks",
				);
				PRODUCT_BUNDLE_IDENTIFIER = Beetlab.Cards;
				PRODUCT_NAME = "$(TARGET_NAME)";
				SWIFT_VERSION = 5.0;
				TARGETED_DEVICE_FAMILY = "1,2";
			};
			name = Debug;
		};
		111C2C9023784DA8009C29DB /* Release */ = {
			isa = XCBuildConfiguration;
			buildSettings = {
				ASSETCATALOG_COMPILER_APPICON_NAME = AppIcon;
				CODE_SIGN_STYLE = Automatic;
				INFOPLIST_FILE = Cards/Info.plist;
				LD_RUNPATH_SEARCH_PATHS = (
					"$(inherited)",
					"@executable_path/Frameworks",
				);
				PRODUCT_BUNDLE_IDENTIFIER = Beetlab.Cards;
				PRODUCT_NAME = "$(TARGET_NAME)";
				SWIFT_VERSION = 5.0;
				TARGETED_DEVICE_FAMILY = "1,2";
			};
			name = Release;
		};
		111C2C9223784DA8009C29DB /* Debug */ = {
			isa = XCBuildConfiguration;
			buildSettings = {
				ALWAYS_EMBED_SWIFT_STANDARD_LIBRARIES = YES;
				BUNDLE_LOADER = "$(TEST_HOST)";
				CODE_SIGN_STYLE = Automatic;
				INFOPLIST_FILE = CardsTests/Info.plist;
				IPHONEOS_DEPLOYMENT_TARGET = 13.0;
				LD_RUNPATH_SEARCH_PATHS = (
					"$(inherited)",
					"@executable_path/Frameworks",
					"@loader_path/Frameworks",
				);
				PRODUCT_BUNDLE_IDENTIFIER = Beetlab.CardsTests;
				PRODUCT_NAME = "$(TARGET_NAME)";
				SWIFT_VERSION = 5.0;
				TARGETED_DEVICE_FAMILY = "1,2";
				TEST_HOST = "$(BUILT_PRODUCTS_DIR)/Cards.app/Cards";
			};
			name = Debug;
		};
		111C2C9323784DA8009C29DB /* Release */ = {
			isa = XCBuildConfiguration;
			buildSettings = {
				ALWAYS_EMBED_SWIFT_STANDARD_LIBRARIES = YES;
				BUNDLE_LOADER = "$(TEST_HOST)";
				CODE_SIGN_STYLE = Automatic;
				INFOPLIST_FILE = CardsTests/Info.plist;
				IPHONEOS_DEPLOYMENT_TARGET = 13.0;
				LD_RUNPATH_SEARCH_PATHS = (
					"$(inherited)",
					"@executable_path/Frameworks",
					"@loader_path/Frameworks",
				);
				PRODUCT_BUNDLE_IDENTIFIER = Beetlab.CardsTests;
				PRODUCT_NAME = "$(TARGET_NAME)";
				SWIFT_VERSION = 5.0;
				TARGETED_DEVICE_FAMILY = "1,2";
				TEST_HOST = "$(BUILT_PRODUCTS_DIR)/Cards.app/Cards";
			};
			name = Release;
		};
/* End XCBuildConfiguration section */

/* Begin XCConfigurationList section */
		111C2C6A23784DA7009C29DB /* Build configuration list for PBXProject "Cards" */ = {
			isa = XCConfigurationList;
			buildConfigurations = (
				111C2C8C23784DA8009C29DB /* Debug */,
				111C2C8D23784DA8009C29DB /* Release */,
			);
			defaultConfigurationIsVisible = 0;
			defaultConfigurationName = Release;
		};
		111C2C8E23784DA8009C29DB /* Build configuration list for PBXNativeTarget "Cards" */ = {
			isa = XCConfigurationList;
			buildConfigurations = (
				111C2C8F23784DA8009C29DB /* Debug */,
				111C2C9023784DA8009C29DB /* Release */,
			);
			defaultConfigurationIsVisible = 0;
			defaultConfigurationName = Release;
		};
		111C2C9123784DA8009C29DB /* Build configuration list for PBXNativeTarget "CardsTests" */ = {
			isa = XCConfigurationList;
			buildConfigurations = (
				111C2C9223784DA8009C29DB /* Debug */,
				111C2C9323784DA8009C29DB /* Release */,
			);
			defaultConfigurationIsVisible = 0;
			defaultConfigurationName = Release;
		};
/* End XCConfigurationList section */
	};
	rootObject = 111C2C6723784DA7009C29DB /* Project object */;
}
